
Microsoft Visual Studio Solution File, Format Version 12.00
# Visual Studio Version 16
VisualStudioVersion = 16.0.28803.202
MinimumVisualStudioVersion = 10.0.40219.1
Project("{FAE04EC0-301F-11D3-BF4B-00C04F79EFBC}") = "SalesPoint", "SalesPoint\SalesPoint.csproj", "{A6D018F3-61BD-4CA9-B01F-9B30E8B7EC1D}"
EndProject
Global
	GlobalSection(SolutionConfigurationPlatforms) = preSolution
		Debug|Any CPU = Debug|Any CPU
		Release|Any CPU = Release|Any CPU
	EndGlobalSection
	GlobalSection(ProjectConfigurationPlatforms) = postSolution
		{A6D018F3-61BD-4CA9-B01F-9B30E8B7EC1D}.Debug|Any CPU.ActiveCfg = Debug|Any CPU
		{A6D018F3-61BD-4CA9-B01F-9B30E8B7EC1D}.Debug|Any CPU.Build.0 = Debug|Any CPU
		{A6D018F3-61BD-4CA9-B01F-9B30E8B7EC1D}.Release|Any CPU.ActiveCfg = Release|Any CPU
		{A6D018F3-61BD-4CA9-B01F-9B30E8B7EC1D}.Release|Any CPU.Build.0 = Release|Any CPU
	EndGlobalSection
	GlobalSection(SolutionProperties) = preSolution
		HideSolutionNode = FALSE
	EndGlobalSection
	GlobalSection(ExtensibilityGlobals) = postSolution
		SolutionGuid = {63D49E52-C27F-4006-AB99-716ED3111761}
	EndGlobalSection
EndGlobal
